
Microsoft Visual Studio Solution File, Format Version 12.00
# Visual Studio 2012
Project("{FAE04EC0-301F-11D3-BF4B-00C04F79EFBC}") = "MvcApplication1", "MvcApplication1\MvcApplication1.csproj", "{F86680C0-48FA-4C24-B990-6D2F43D7375C}"
EndProject
Project("{FAE04EC0-301F-11D3-BF4B-00C04F79EFBC}") = "MvcApplication1.Tests", "MvcApplication1.Tests\MvcApplication1.Tests.csproj", "{33F13A19-95A9-49FC-A172-C014A212B082}"
EndProject
Global
	GlobalSection(SolutionConfigurationPlatforms) = preSolution
		Debug|Any CPU = Debug|Any CPU
		Release|Any CPU = Release|Any CPU
	EndGlobalSection
	GlobalSection(ProjectConfigurationPlatforms) = postSolution
		{F86680C0-48FA-4C24-B990-6D2F43D7375C}.Debug|Any CPU.ActiveCfg = Debug|Any CPU
		{F86680C0-48FA-4C24-B990-6D2F43D7375C}.Debug|Any CPU.Build.0 = Debug|Any CPU
		{F86680C0-48FA-4C24-B990-6D2F43D7375C}.Release|Any CPU.ActiveCfg = Release|Any CPU
		{F86680C0-48FA-4C24-B990-6D2F43D7375C}.Release|Any CPU.Build.0 = Release|Any CPU
		{33F13A19-95A9-49FC-A172-C014A212B082}.Debug|Any CPU.ActiveCfg = Debug|Any CPU
		{33F13A19-95A9-49FC-A172-C014A212B082}.Debug|Any CPU.Build.0 = Debug|Any CPU
		{33F13A19-95A9-49FC-A172-C014A212B082}.Release|Any CPU.ActiveCfg = Release|Any CPU
		{33F13A19-95A9-49FC-A172-C014A212B082}.Release|Any CPU.Build.0 = Release|Any CPU
	EndGlobalSection
	GlobalSection(SolutionProperties) = preSolution
		HideSolutionNode = FALSE
	EndGlobalSection
EndGlobal
